
Microsoft Visual Studio Solution File, Format Version 12.00
# Visual Studio Version 16
VisualStudioVersion = 16.0.33529.622
MinimumVisualStudioVersion = 10.0.40219.1
Project("{FAE04EC0-301F-11D3-BF4B-00C04F79EFBC}") = "Ins.Forms", "Ins.Forms\Ins.Forms.csproj", "{22B2DC2F-8118-4D8C-B6A9-4934CEBC8CF7}"
EndProject
Project("{FAE04EC0-301F-11D3-BF4B-00C04F79EFBC}") = "Ins.Comm", "Ins.Comm\Ins.Comm.csproj", "{0E02A537-D52F-422B-BAD6-56BBDFEF06E6}"
EndProject
Global
	GlobalSection(SolutionConfigurationPlatforms) = preSolution
		Debug|Any CPU = Debug|Any CPU
		Release|Any CPU = Release|Any CPU
	EndGlobalSection
	GlobalSection(ProjectConfigurationPlatforms) = postSolution
		{22B2DC2F-8118-4D8C-B6A9-4934CEBC8CF7}.Debug|Any CPU.ActiveCfg = Debug|Any CPU
		{22B2DC2F-8118-4D8C-B6A9-4934CEBC8CF7}.Debug|Any CPU.Build.0 = Debug|Any CPU
		{22B2DC2F-8118-4D8C-B6A9-4934CEBC8CF7}.Release|Any CPU.ActiveCfg = Release|Any CPU
		{22B2DC2F-8118-4D8C-B6A9-4934CEBC8CF7}.Release|Any CPU.Build.0 = Release|Any CPU
		{0E02A537-D52F-422B-BAD6-56BBDFEF06E6}.Debug|Any CPU.ActiveCfg = Debug|Any CPU
		{0E02A537-D52F-422B-BAD6-56BBDFEF06E6}.Debug|Any CPU.Build.0 = Debug|Any CPU
		{0E02A537-D52F-422B-BAD6-56BBDFEF06E6}.Release|Any CPU.ActiveCfg = Release|Any CPU
		{0E02A537-D52F-422B-BAD6-56BBDFEF06E6}.Release|Any CPU.Build.0 = Release|Any CPU
	EndGlobalSection
	GlobalSection(SolutionProperties) = preSolution
		HideSolutionNode = FALSE
	EndGlobalSection
	GlobalSection(ExtensibilityGlobals) = postSolution
		SolutionGuid = {A230945A-0FC9-4C67-B786-82491154D918}
	EndGlobalSection
EndGlobal
